
Microsoft Visual Studio Solution File, Format Version 12.00
# Visual Studio Version 17
VisualStudioVersion = 17.8.34511.84
MinimumVisualStudioVersion = 10.0.40219.1
Project("{FAE04EC0-301F-11D3-BF4B-00C04F79EFBC}") = "Practise_ConsoleApp1", "Practise_ConsoleApp1.csproj", "{FB22918D-FEA6-4A88-AEB0-E3F1D54E88EE}"
EndProject
Global
	GlobalSection(SolutionConfigurationPlatforms) = preSolution
		Debug|Any CPU = Debug|Any CPU
		Release|Any CPU = Release|Any CPU
	EndGlobalSection
	GlobalSection(ProjectConfigurationPlatforms) = postSolution
		{FB22918D-FEA6-4A88-AEB0-E3F1D54E88EE}.Debug|Any CPU.ActiveCfg = Debug|Any CPU
		{FB22918D-FEA6-4A88-AEB0-E3F1D54E88EE}.Debug|Any CPU.Build.0 = Debug|Any CPU
		{FB22918D-FEA6-4A88-AEB0-E3F1D54E88EE}.Release|Any CPU.ActiveCfg = Release|Any CPU
		{FB22918D-FEA6-4A88-AEB0-E3F1D54E88EE}.Release|Any CPU.Build.0 = Release|Any CPU
	EndGlobalSection
	GlobalSection(SolutionProperties) = preSolution
		HideSolutionNode = FALSE
	EndGlobalSection
	GlobalSection(ExtensibilityGlobals) = postSolution
		SolutionGuid = {D8B1CC6F-EFA0-48DB-B89C-052146CC4E87}
	EndGlobalSection
EndGlobal
